
Microsoft Visual Studio Solution File, Format Version 11.00
# Visual Studio 2010
Project("{FAE04EC0-301F-11D3-BF4B-00C04F79EFBC}") = "MacdonaldSmith.Silk.Transport", "MacdonaldSmith.Transport\MacdonaldSmith.Silk.Transport.csproj", "{ADFFC434-0C40-4F2E-A2BE-1EC25958F316}"
EndProject
Project("{FAE04EC0-301F-11D3-BF4B-00C04F79EFBC}") = "MacdonaldSmith.Silk.Transport.Tests", "MacdonaldSmith.Silk.Transport.Tests\MacdonaldSmith.Silk.Transport.Tests.csproj", "{EB2EAABF-D701-4FCB-B9B3-606411675DE0}"
EndProject
Project("{FAE04EC0-301F-11D3-BF4B-00C04F79EFBC}") = "MacdonaldSmith.Silk.Messaging", "MacdonaldSmith.Silk.Messaging\MacdonaldSmith.Silk.Messaging.csproj", "{74856044-2587-43F3-A5A1-6B389826BB2C}"
EndProject
Project("{FAE04EC0-301F-11D3-BF4B-00C04F79EFBC}") = "MacdonaldSmith.Silk.BusController", "MacdonaldSmith.Silk.BusController\MacdonaldSmith.Silk.BusController.csproj", "{70F08916-2BD5-462C-8F5A-574C3821498C}"
EndProject
Project("{FAE04EC0-301F-11D3-BF4B-00C04F79EFBC}") = "MacdonaldSmith.Silk.BusController.Tests", "MacdonaldSmith.Silk.BusController.Tests\MacdonaldSmith.Silk.BusController.Tests.csproj", "{5CEDBB33-3A72-493F-88B7-0B23C32BA2C8}"
EndProject
Project("{FAE04EC0-301F-11D3-BF4B-00C04F79EFBC}") = "MacdonaldSmith.Silk.SharedInterfaces", "MacdonaldSmith.Silk.SharedInterfaces\MacdonaldSmith.Silk.SharedInterfaces.csproj", "{90E48706-AC9F-44EF-8DE8-BA08E57998BF}"
EndProject
Global
	GlobalSection(SolutionConfigurationPlatforms) = preSolution
		Debug|Any CPU = Debug|Any CPU
		Release|Any CPU = Release|Any CPU
	EndGlobalSection
	GlobalSection(ProjectConfigurationPlatforms) = postSolution
		{ADFFC434-0C40-4F2E-A2BE-1EC25958F316}.Debug|Any CPU.ActiveCfg = Debug|Any CPU
		{ADFFC434-0C40-4F2E-A2BE-1EC25958F316}.Debug|Any CPU.Build.0 = Debug|Any CPU
		{ADFFC434-0C40-4F2E-A2BE-1EC25958F316}.Release|Any CPU.ActiveCfg = Release|Any CPU
		{ADFFC434-0C40-4F2E-A2BE-1EC25958F316}.Release|Any CPU.Build.0 = Release|Any CPU
		{EB2EAABF-D701-4FCB-B9B3-606411675DE0}.Debug|Any CPU.ActiveCfg = Debug|Any CPU
		{EB2EAABF-D701-4FCB-B9B3-606411675DE0}.Debug|Any CPU.Build.0 = Debug|Any CPU
		{EB2EAABF-D701-4FCB-B9B3-606411675DE0}.Release|Any CPU.ActiveCfg = Release|Any CPU
		{EB2EAABF-D701-4FCB-B9B3-606411675DE0}.Release|Any CPU.Build.0 = Release|Any CPU
		{74856044-2587-43F3-A5A1-6B389826BB2C}.Debug|Any CPU.ActiveCfg = Debug|Any CPU
		{74856044-2587-43F3-A5A1-6B389826BB2C}.Debug|Any CPU.Build.0 = Debug|Any CPU
		{74856044-2587-43F3-A5A1-6B389826BB2C}.Release|Any CPU.ActiveCfg = Release|Any CPU
		{74856044-2587-43F3-A5A1-6B389826BB2C}.Release|Any CPU.Build.0 = Release|Any CPU
		{70F08916-2BD5-462C-8F5A-574C3821498C}.Debug|Any CPU.ActiveCfg = Debug|Any CPU
		{70F08916-2BD5-462C-8F5A-574C3821498C}.Debug|Any CPU.Build.0 = Debug|Any CPU
		{70F08916-2BD5-462C-8F5A-574C3821498C}.Release|Any CPU.ActiveCfg = Release|Any CPU
		{70F08916-2BD5-462C-8F5A-574C3821498C}.Release|Any CPU.Build.0 = Release|Any CPU
		{5CEDBB33-3A72-493F-88B7-0B23C32BA2C8}.Debug|Any CPU.ActiveCfg = Debug|Any CPU
		{5CEDBB33-3A72-493F-88B7-0B23C32BA2C8}.Debug|Any CPU.Build.0 = Debug|Any CPU
		{5CEDBB33-3A72-493F-88B7-0B23C32BA2C8}.Release|Any CPU.ActiveCfg = Release|Any CPU
		{5CEDBB33-3A72-493F-88B7-0B23C32BA2C8}.Release|Any CPU.Build.0 = Release|Any CPU
		{90E48706-AC9F-44EF-8DE8-BA08E57998BF}.Debug|Any CPU.ActiveCfg = Debug|Any CPU
		{90E48706-AC9F-44EF-8DE8-BA08E57998BF}.Debug|Any CPU.Build.0 = Debug|Any CPU
		{90E48706-AC9F-44EF-8DE8-BA08E57998BF}.Release|Any CPU.ActiveCfg = Release|Any CPU
		{90E48706-AC9F-44EF-8DE8-BA08E57998BF}.Release|Any CPU.Build.0 = Release|Any CPU
	EndGlobalSection
	GlobalSection(SolutionProperties) = preSolution
		HideSolutionNode = FALSE
	EndGlobalSection
	GlobalSection(MonoDevelopProperties) = preSolution
		StartupItem = MacdonaldSmith.Transport\MacdonaldSmith.Silk.Transport.csproj
		Policies = $0
		$0.TextStylePolicy = $1
		$1.inheritsSet = null
		$1.scope = text/x-csharp
		$0.CSharpFormattingPolicy = $2
		$2.AnonymousMethodBraceStyle = NextLineShifted2
		$2.PropertyBraceStyle = NextLine
		$2.EventBraceStyle = NextLine
		$2.StatementBraceStyle = NextLine
		$2.PlaceElseOnNewLine = True
		$2.PlaceElseIfOnNewLine = True
		$2.PlaceCatchOnNewLine = True
		$2.PlaceFinallyOnNewLine = True
		$2.PlaceWhileOnNewLine = True
		$2.inheritsSet = Mono
		$2.inheritsScope = text/x-csharp
		$2.scope = text/x-csharp
		$0.TextStylePolicy = $3
		$3.FileWidth = 120
		$3.TabWidth = 4
		$3.inheritsSet = Mono
		$3.inheritsScope = text/plain
		$3.scope = text/plain
		$0.StandardHeader = $4
		$4.Text = 
		$4.inheritsSet = Apache2License
	EndGlobalSection
EndGlobal
